
Microsoft Visual Studio Solution File, Format Version 12.00
# Visual Studio Version 17
VisualStudioVersion = 17.3.32804.467
MinimumVisualStudioVersion = 10.0.40219.1
Project("{9A19103F-16F7-4668-BE54-9A1E7A4F7556}") = "Page2_2_DataTypes", "Page2_2_DataTypes\Page2_2_DataTypes.csproj", "{4C277512-D625-48C2-8A25-30244155C947}"
EndProject
Project("{9A19103F-16F7-4668-BE54-9A1E7A4F7556}") = "Page2_4_Literals", "Page2_4\Page2_4_Literals.csproj", "{2818638B-FF42-457A-9A92-489B05D67370}"
EndProject
Project("{9A19103F-16F7-4668-BE54-9A1E7A4F7556}") = "Page3_4_JumeStatements", "Page3_4_JumeStatements\Page3_4_JumeStatements.csproj", "{432BE2F1-E6C5-43DA-AE32-31CC52D5C4FE}"
EndProject
Project("{9A19103F-16F7-4668-BE54-9A1E7A4F7556}") = "Page1_4_Helloworld", "Page1_4_Helloworld\Page1_4_Helloworld.csproj", "{AC52C101-B91F-4BAA-AA47-F7905131B49E}"
EndProject
Project("{9A19103F-16F7-4668-BE54-9A1E7A4F7556}") = "Page4_2_OOP_Concepts", "Page4_2_OOP_Concepts\Page4_2_OOP_Concepts.csproj", "{B35A0649-C10E-43E1-8D34-8AA6867DEE1D}"
EndProject
Project("{FAE04EC0-301F-11D3-BF4B-00C04F79EFBC}") = "Page5_x", "Page5_x\Page5_x.csproj", "{181CB0C2-194C-4B59-B58D-273645701EE6}"
EndProject
Global
	GlobalSection(SolutionConfigurationPlatforms) = preSolution
		Debug|Any CPU = Debug|Any CPU
		Release|Any CPU = Release|Any CPU
	EndGlobalSection
	GlobalSection(ProjectConfigurationPlatforms) = postSolution
		{4C277512-D625-48C2-8A25-30244155C947}.Debug|Any CPU.ActiveCfg = Debug|Any CPU
		{4C277512-D625-48C2-8A25-30244155C947}.Debug|Any CPU.Build.0 = Debug|Any CPU
		{4C277512-D625-48C2-8A25-30244155C947}.Release|Any CPU.ActiveCfg = Release|Any CPU
		{4C277512-D625-48C2-8A25-30244155C947}.Release|Any CPU.Build.0 = Release|Any CPU
		{2818638B-FF42-457A-9A92-489B05D67370}.Debug|Any CPU.ActiveCfg = Debug|Any CPU
		{2818638B-FF42-457A-9A92-489B05D67370}.Debug|Any CPU.Build.0 = Debug|Any CPU
		{2818638B-FF42-457A-9A92-489B05D67370}.Release|Any CPU.ActiveCfg = Release|Any CPU
		{2818638B-FF42-457A-9A92-489B05D67370}.Release|Any CPU.Build.0 = Release|Any CPU
		{432BE2F1-E6C5-43DA-AE32-31CC52D5C4FE}.Debug|Any CPU.ActiveCfg = Debug|Any CPU
		{432BE2F1-E6C5-43DA-AE32-31CC52D5C4FE}.Debug|Any CPU.Build.0 = Debug|Any CPU
		{432BE2F1-E6C5-43DA-AE32-31CC52D5C4FE}.Release|Any CPU.ActiveCfg = Release|Any CPU
		{432BE2F1-E6C5-43DA-AE32-31CC52D5C4FE}.Release|Any CPU.Build.0 = Release|Any CPU
		{AC52C101-B91F-4BAA-AA47-F7905131B49E}.Debug|Any CPU.ActiveCfg = Debug|Any CPU
		{AC52C101-B91F-4BAA-AA47-F7905131B49E}.Debug|Any CPU.Build.0 = Debug|Any CPU
		{AC52C101-B91F-4BAA-AA47-F7905131B49E}.Release|Any CPU.ActiveCfg = Release|Any CPU
		{AC52C101-B91F-4BAA-AA47-F7905131B49E}.Release|Any CPU.Build.0 = Release|Any CPU
		{B35A0649-C10E-43E1-8D34-8AA6867DEE1D}.Debug|Any CPU.ActiveCfg = Debug|Any CPU
		{B35A0649-C10E-43E1-8D34-8AA6867DEE1D}.Debug|Any CPU.Build.0 = Debug|Any CPU
		{B35A0649-C10E-43E1-8D34-8AA6867DEE1D}.Release|Any CPU.ActiveCfg = Release|Any CPU
		{B35A0649-C10E-43E1-8D34-8AA6867DEE1D}.Release|Any CPU.Build.0 = Release|Any CPU
		{181CB0C2-194C-4B59-B58D-273645701EE6}.Debug|Any CPU.ActiveCfg = Debug|Any CPU
		{181CB0C2-194C-4B59-B58D-273645701EE6}.Debug|Any CPU.Build.0 = Debug|Any CPU
		{181CB0C2-194C-4B59-B58D-273645701EE6}.Release|Any CPU.ActiveCfg = Release|Any CPU
		{181CB0C2-194C-4B59-B58D-273645701EE6}.Release|Any CPU.Build.0 = Release|Any CPU
	EndGlobalSection
	GlobalSection(SolutionProperties) = preSolution
		HideSolutionNode = FALSE
	EndGlobalSection
	GlobalSection(ExtensibilityGlobals) = postSolution
		SolutionGuid = {4C968346-3998-4E6D-AA3D-67664DB54D4A}
	EndGlobalSection
EndGlobal
